
Microsoft Visual Studio Solution File, Format Version 11.00
# Visual Studio 2010
Project("{F184B08F-C81C-45F6-A57F-5ABD9991F28F}") = "Dictionary", "Dictionary\Dictionary.vbproj", "{2B186247-DB59-4DD0-8239-5ACF659E2119}"
EndProject
Project("{54435603-DBB4-11D2-8724-00A0C9A8B90C}") = "Standalone", "Standalone\Standalone.vdproj", "{3FE65833-AFB9-4BE7-A653-EED772A9A094}"
EndProject
Global
	GlobalSection(SolutionConfigurationPlatforms) = preSolution
		Debug|x86 = Debug|x86
		Release|x86 = Release|x86
	EndGlobalSection
	GlobalSection(ProjectConfigurationPlatforms) = postSolution
		{2B186247-DB59-4DD0-8239-5ACF659E2119}.Debug|x86.ActiveCfg = Debug|x86
		{2B186247-DB59-4DD0-8239-5ACF659E2119}.Debug|x86.Build.0 = Debug|x86
		{2B186247-DB59-4DD0-8239-5ACF659E2119}.Release|x86.ActiveCfg = Release|x86
		{2B186247-DB59-4DD0-8239-5ACF659E2119}.Release|x86.Build.0 = Release|x86
		{3FE65833-AFB9-4BE7-A653-EED772A9A094}.Debug|x86.ActiveCfg = Debug
		{3FE65833-AFB9-4BE7-A653-EED772A9A094}.Debug|x86.Build.0 = Debug
		{3FE65833-AFB9-4BE7-A653-EED772A9A094}.Release|x86.ActiveCfg = Release
		{3FE65833-AFB9-4BE7-A653-EED772A9A094}.Release|x86.Build.0 = Release
	EndGlobalSection
	GlobalSection(SolutionProperties) = preSolution
		HideSolutionNode = FALSE
	EndGlobalSection
EndGlobal
